// !$*UTF8*$!
{
	archiveVersion = 1;
	classes = {
	};
	objectVersion = 55;
	objects = {

/* Begin PBXBuildFile section */
		14AFEFA6EB492561108251D9 /* userDataModel.swift in Sources */ = {isa = PBXBuildFile; fileRef = 24A861524A27F32C496805D4 /* userDataModel.swift */; };
		1B8EA29AE61EE3D18418CF80 /* userDataModel+Schema.swift in Sources */ = {isa = PBXBuildFile; fileRef = 42585BD5408AF40BA7C9B8E0 /* userDataModel+Schema.swift */; };
		4ECC0A4C131BBCE8AC48E2DA /* awsconfiguration.json in Resources */ = {isa = PBXBuildFile; fileRef = 9F7919AE38F140D052F4F4FA /* awsconfiguration.json */; };
		5E34C0AA102049DF957D482A /* amplifyconfiguration.json in Resources */ = {isa = PBXBuildFile; fileRef = 19EBBDF56AF487B35B5D98A6 /* amplifyconfiguration.json */; };
		ADF119FB2745D0060099ADF3 /* apollo4App.swift in Sources */ = {isa = PBXBuildFile; fileRef = ADF119FA2745D0060099ADF3 /* apollo4App.swift */; };
		ADF11A022745D0080099ADF3 /* Preview Assets.xcassets in Resources */ = {isa = PBXBuildFile; fileRef = ADF11A012745D0080099ADF3 /* Preview Assets.xcassets */; };
		ADF11A0C2745D0080099ADF3 /* apollo4Tests.swift in Sources */ = {isa = PBXBuildFile; fileRef = ADF11A0B2745D0080099ADF3 /* apollo4Tests.swift */; };
		ADF11A162745D0080099ADF3 /* apollo4UITests.swift in Sources */ = {isa = PBXBuildFile; fileRef = ADF11A152745D0080099ADF3 /* apollo4UITests.swift */; };
		ADF11A182745D0080099ADF3 /* apollo4UITestsLaunchTests.swift in Sources */ = {isa = PBXBuildFile; fileRef = ADF11A172745D0080099ADF3 /* apollo4UITestsLaunchTests.swift */; };
		ADF11A262745D4500099ADF3 /* Assets.xcassets in Resources */ = {isa = PBXBuildFile; fileRef = ADF11A252745D4500099ADF3 /* Assets.xcassets */; };
		ADF11A382745D4670099ADF3 /* SetupView.swift in Sources */ = {isa = PBXBuildFile; fileRef = ADF11A282745D4670099ADF3 /* SetupView.swift */; };
		ADF11A392745D4670099ADF3 /* GraphView.swift in Sources */ = {isa = PBXBuildFile; fileRef = ADF11A292745D4670099ADF3 /* GraphView.swift */; };
		ADF11A3B2745D4670099ADF3 /* LiveRead.swift in Sources */ = {isa = PBXBuildFile; fileRef = ADF11A2B2745D4670099ADF3 /* LiveRead.swift */; };
		ADF11A3C2745D4670099ADF3 /* PairingLoadScreen.swift in Sources */ = {isa = PBXBuildFile; fileRef = ADF11A2C2745D4670099ADF3 /* PairingLoadScreen.swift */; };
		ADF11A3D2745D4670099ADF3 /* nameSetup.swift in Sources */ = {isa = PBXBuildFile; fileRef = ADF11A2D2745D4670099ADF3 /* nameSetup.swift */; };
		ADF11A3E2745D4670099ADF3 /* PairingView.swift in Sources */ = {isa = PBXBuildFile; fileRef = ADF11A2E2745D4670099ADF3 /* PairingView.swift */; };
		ADF11A3F2745D4670099ADF3 /* userDataInputSetup.swift in Sources */ = {isa = PBXBuildFile; fileRef = ADF11A2F2745D4670099ADF3 /* userDataInputSetup.swift */; };
		ADF11A402745D4670099ADF3 /* swipeView.swift in Sources */ = {isa = PBXBuildFile; fileRef = ADF11A302745D4670099ADF3 /* swipeView.swift */; };
		ADF11A412745D4670099ADF3 /* finishedSetupView.swift in Sources */ = {isa = PBXBuildFile; fileRef = ADF11A312745D4670099ADF3 /* finishedSetupView.swift */; };
		ADF11A422745D4670099ADF3 /* EmittingView.swift in Sources */ = {isa = PBXBuildFile; fileRef = ADF11A322745D4670099ADF3 /* EmittingView.swift */; };
		ADF11A432745D4670099ADF3 /* HealthChoiceSetup.swift in Sources */ = {isa = PBXBuildFile; fileRef = ADF11A332745D4670099ADF3 /* HealthChoiceSetup.swift */; };
		ADF11A442745D4670099ADF3 /* RotatingRingView.swift in Sources */ = {isa = PBXBuildFile; fileRef = ADF11A342745D4670099ADF3 /* RotatingRingView.swift */; };
		ADF11A452745D4670099ADF3 /* healthSetupView.swift in Sources */ = {isa = PBXBuildFile; fileRef = ADF11A352745D4670099ADF3 /* healthSetupView.swift */; };
		ADF11A462745D4670099ADF3 /* ContentView.swift in Sources */ = {isa = PBXBuildFile; fileRef = ADF11A362745D4670099ADF3 /* ContentView.swift */; };
		ADF11A472745D4670099ADF3 /* EmitterView.swift in Sources */ = {isa = PBXBuildFile; fileRef = ADF11A372745D4670099ADF3 /* EmitterView.swift */; };
		ADF11A4D2745D4740099ADF3 /* Backend.swift in Sources */ = {isa = PBXBuildFile; fileRef = ADF11A492745D4740099ADF3 /* Backend.swift */; };
		ADF11A4E2745D4740099ADF3 /* UserData.swift in Sources */ = {isa = PBXBuildFile; fileRef = ADF11A4A2745D4740099ADF3 /* UserData.swift */; };
		ADF11A4F2745D4740099ADF3 /* TextLimiting.swift in Sources */ = {isa = PBXBuildFile; fileRef = ADF11A4B2745D4740099ADF3 /* TextLimiting.swift */; };
		ADF11A502745D4740099ADF3 /* KeyboardHelper.swift in Sources */ = {isa = PBXBuildFile; fileRef = ADF11A4C2745D4740099ADF3 /* KeyboardHelper.swift */; };
		ADF11A542745D47B0099ADF3 /* BLEManager.swift in Sources */ = {isa = PBXBuildFile; fileRef = ADF11A522745D47B0099ADF3 /* BLEManager.swift */; };
		ADF11A552745D47B0099ADF3 /* UUID Structs.swift in Sources */ = {isa = PBXBuildFile; fileRef = ADF11A532745D47B0099ADF3 /* UUID Structs.swift */; };
		ADF11A5A2745D5300099ADF3 /* amplifyconfiguration.json in Resources */ = {isa = PBXBuildFile; fileRef = ADF11A582745D5300099ADF3 /* amplifyconfiguration.json */; };
		ADF11A5B2745D5300099ADF3 /* awsconfiguration.json in Resources */ = {isa = PBXBuildFile; fileRef = ADF11A592745D5300099ADF3 /* awsconfiguration.json */; };
		ADF11A602745E3050099ADF3 /* setupImage2.png in Resources */ = {isa = PBXBuildFile; fileRef = ADF11A5F2745E3050099ADF3 /* setupImage2.png */; };
		ADF11A622745E3180099ADF3 /* nameImage.jpeg in Resources */ = {isa = PBXBuildFile; fileRef = ADF11A612745E3180099ADF3 /* nameImage.jpeg */; };
		ADF11A642745E35B0099ADF3 /* healthImage.png in Resources */ = {isa = PBXBuildFile; fileRef = ADF11A632745E35B0099ADF3 /* healthImage.png */; };
		ADF11A662745E4280099ADF3 /* Apollo 1 Ring.obj in Resources */ = {isa = PBXBuildFile; fileRef = ADF11A652745E4280099ADF3 /* Apollo 1 Ring.obj */; };
		B947E94FEB56864267932FD3 /* Pods_apollo4_apollo4UITests.framework in Frameworks */ = {isa = PBXBuildFile; fileRef = 640E17A6646D270FD36F9D73 /* Pods_apollo4_apollo4UITests.framework */; };
		C60B171744D888CA9DAA7377 /* AmplifyModels.swift in Sources */ = {isa = PBXBuildFile; fileRef = 1DCD0911A16987641E9C24AC /* AmplifyModels.swift */; };
		F6818A389747A06AC13D3C31 /* Pods_apollo4Tests.framework in Frameworks */ = {isa = PBXBuildFile; fileRef = 05396547B94734C0AC72F675 /* Pods_apollo4Tests.framework */; };
		FABB7A9EED2AF48405D4911E /* Pods_apollo4.framework in Frameworks */ = {isa = PBXBuildFile; fileRef = F5947E8335BA29513666FAEE /* Pods_apollo4.framework */; };
/* End PBXBuildFile section */

/* Begin PBXContainerItemProxy section */
		ADF11A082745D0080099ADF3 /* PBXContainerItemProxy */ = {
			isa = PBXContainerItemProxy;
			containerPortal = ADF119EF2745D0060099ADF3 /* Project object */;
			proxyType = 1;
			remoteGlobalIDString = ADF119F62745D0060099ADF3;
			remoteInfo = apollo4;
		};
		ADF11A122745D0080099ADF3 /* PBXContainerItemProxy */ = {
			isa = PBXContainerItemProxy;
			containerPortal = ADF119EF2745D0060099ADF3 /* Project object */;
			proxyType = 1;
			remoteGlobalIDString = ADF119F62745D0060099ADF3;
			remoteInfo = apollo4;
		};
/* End PBXContainerItemProxy section */

/* Begin PBXFileReference section */
		05396547B94734C0AC72F675 /* Pods_apollo4Tests.framework */ = {isa = PBXFileReference; explicitFileType = wrapper.framework; includeInIndex = 0; path = Pods_apollo4Tests.framework; sourceTree = BUILT_PRODUCTS_DIR; };
		19EBBDF56AF487B35B5D98A6 /* amplifyconfiguration.json */ = {isa = PBXFileReference; explicitFileType = text.json; path = amplifyconfiguration.json; sourceTree = "<group>"; };
		1DCD0911A16987641E9C24AC /* AmplifyModels.swift */ = {isa = PBXFileReference; explicitFileType = sourcecode.swift; name = AmplifyModels.swift; path = amplify/generated/models/AmplifyModels.swift; sourceTree = "<group>"; };
		24A861524A27F32C496805D4 /* userDataModel.swift */ = {isa = PBXFileReference; explicitFileType = sourcecode.swift; name = userDataModel.swift; path = amplify/generated/models/userDataModel.swift; sourceTree = "<group>"; };
		42585BD5408AF40BA7C9B8E0 /* userDataModel+Schema.swift */ = {isa = PBXFileReference; explicitFileType = sourcecode.swift; name = "userDataModel+Schema.swift"; path = "amplify/generated/models/userDataModel+Schema.swift"; sourceTree = "<group>"; };
		640E17A6646D270FD36F9D73 /* Pods_apollo4_apollo4UITests.framework */ = {isa = PBXFileReference; explicitFileType = wrapper.framework; includeInIndex = 0; path = Pods_apollo4_apollo4UITests.framework; sourceTree = BUILT_PRODUCTS_DIR; };
		964BF2CC7483627E5B10912F /* Pods-apollo4-apollo4UITests.release.xcconfig */ = {isa = PBXFileReference; includeInIndex = 1; lastKnownFileType = text.xcconfig; name = "Pods-apollo4-apollo4UITests.release.xcconfig"; path = "Target Support Files/Pods-apollo4-apollo4UITests/Pods-apollo4-apollo4UITests.release.xcconfig"; sourceTree = "<group>"; };
		988C167B06C05666DC20EB94 /* Pods-apollo4Tests.debug.xcconfig */ = {isa = PBXFileReference; includeInIndex = 1; lastKnownFileType = text.xcconfig; name = "Pods-apollo4Tests.debug.xcconfig"; path = "Target Support Files/Pods-apollo4Tests/Pods-apollo4Tests.debug.xcconfig"; sourceTree = "<group>"; };
		9F7919AE38F140D052F4F4FA /* awsconfiguration.json */ = {isa = PBXFileReference; explicitFileType = text.json; path = awsconfiguration.json; sourceTree = "<group>"; };
		AC3E8DA912BF8239E75E672D /* Pods-apollo4Tests.release.xcconfig */ = {isa = PBXFileReference; includeInIndex = 1; lastKnownFileType = text.xcconfig; name = "Pods-apollo4Tests.release.xcconfig"; path = "Target Support Files/Pods-apollo4Tests/Pods-apollo4Tests.release.xcconfig"; sourceTree = "<group>"; };
		ADF119F72745D0060099ADF3 /* apollo4.app */ = {isa = PBXFileReference; explicitFileType = wrapper.application; includeInIndex = 0; path = apollo4.app; sourceTree = BUILT_PRODUCTS_DIR; };
		ADF119FA2745D0060099ADF3 /* apollo4App.swift */ = {isa = PBXFileReference; lastKnownFileType = sourcecode.swift; path = apollo4App.swift; sourceTree = "<group>"; };
		ADF11A012745D0080099ADF3 /* Preview Assets.xcassets */ = {isa = PBXFileReference; lastKnownFileType = folder.assetcatalog; path = "Preview Assets.xcassets"; sourceTree = "<group>"; };
		ADF11A072745D0080099ADF3 /* apollo4Tests.xctest */ = {isa = PBXFileReference; explicitFileType = wrapper.cfbundle; includeInIndex = 0; path = apollo4Tests.xctest; sourceTree = BUILT_PRODUCTS_DIR; };
		ADF11A0B2745D0080099ADF3 /* apollo4Tests.swift */ = {isa = PBXFileReference; lastKnownFileType = sourcecode.swift; path = apollo4Tests.swift; sourceTree = "<group>"; };
		ADF11A112745D0080099ADF3 /* apollo4UITests.xctest */ = {isa = PBXFileReference; explicitFileType = wrapper.cfbundle; includeInIndex = 0; path = apollo4UITests.xctest; sourceTree = BUILT_PRODUCTS_DIR; };
		ADF11A152745D0080099ADF3 /* apollo4UITests.swift */ = {isa = PBXFileReference; lastKnownFileType = sourcecode.swift; path = apollo4UITests.swift; sourceTree = "<group>"; };
		ADF11A172745D0080099ADF3 /* apollo4UITestsLaunchTests.swift */ = {isa = PBXFileReference; lastKnownFileType = sourcecode.swift; path = apollo4UITestsLaunchTests.swift; sourceTree = "<group>"; };
		ADF11A252745D4500099ADF3 /* Assets.xcassets */ = {isa = PBXFileReference; lastKnownFileType = folder.assetcatalog; name = Assets.xcassets; path = "3D Objects/Assets.xcassets"; sourceTree = "<group>"; };
		ADF11A282745D4670099ADF3 /* SetupView.swift */ = {isa = PBXFileReference; fileEncoding = 4; lastKnownFileType = sourcecode.swift; path = SetupView.swift; sourceTree = "<group>"; };
		ADF11A292745D4670099ADF3 /* GraphView.swift */ = {isa = PBXFileReference; fileEncoding = 4; lastKnownFileType = sourcecode.swift; path = GraphView.swift; sourceTree = "<group>"; };
		ADF11A2B2745D4670099ADF3 /* LiveRead.swift */ = {isa = PBXFileReference; fileEncoding = 4; lastKnownFileType = sourcecode.swift; path = LiveRead.swift; sourceTree = "<group>"; };
		ADF11A2C2745D4670099ADF3 /* PairingLoadScreen.swift */ = {isa = PBXFileReference; fileEncoding = 4; lastKnownFileType = sourcecode.swift; path = PairingLoadScreen.swift; sourceTree = "<group>"; };
		ADF11A2D2745D4670099ADF3 /* nameSetup.swift */ = {isa = PBXFileReference; fileEncoding = 4; lastKnownFileType = sourcecode.swift; path = nameSetup.swift; sourceTree = "<group>"; };
		ADF11A2E2745D4670099ADF3 /* PairingView.swift */ = {isa = PBXFileReference; fileEncoding = 4; lastKnownFileType = sourcecode.swift; path = PairingView.swift; sourceTree = "<group>"; };
		ADF11A2F2745D4670099ADF3 /* userDataInputSetup.swift */ = {isa = PBXFileReference; fileEncoding = 4; lastKnownFileType = sourcecode.swift; path = userDataInputSetup.swift; sourceTree = "<group>"; };
		ADF11A302745D4670099ADF3 /* swipeView.swift */ = {isa = PBXFileReference; fileEncoding = 4; lastKnownFileType = sourcecode.swift; path = swipeView.swift; sourceTree = "<group>"; };
		ADF11A312745D4670099ADF3 /* finishedSetupView.swift */ = {isa = PBXFileReference; fileEncoding = 4; lastKnownFileType = sourcecode.swift; path = finishedSetupView.swift; sourceTree = "<group>"; };
		ADF11A322745D4670099ADF3 /* EmittingView.swift */ = {isa = PBXFileReference; fileEncoding = 4; lastKnownFileType = sourcecode.swift; path = EmittingView.swift; sourceTree = "<group>"; };
		ADF11A332745D4670099ADF3 /* HealthChoiceSetup.swift */ = {isa = PBXFileReference; fileEncoding = 4; lastKnownFileType = sourcecode.swift; path = HealthChoiceSetup.swift; sourceTree = "<group>"; };
		ADF11A342745D4670099ADF3 /* RotatingRingView.swift */ = {isa = PBXFileReference; fileEncoding = 4; lastKnownFileType = sourcecode.swift; path = RotatingRingView.swift; sourceTree = "<group>"; };
		ADF11A352745D4670099ADF3 /* healthSetupView.swift */ = {isa = PBXFileReference; fileEncoding = 4; lastKnownFileType = sourcecode.swift; path = healthSetupView.swift; sourceTree = "<group>"; };
		ADF11A362745D4670099ADF3 /* ContentView.swift */ = {isa = PBXFileReference; fileEncoding = 4; lastKnownFileType = sourcecode.swift; path = ContentView.swift; sourceTree = "<group>"; };
		ADF11A372745D4670099ADF3 /* EmitterView.swift */ = {isa = PBXFileReference; fileEncoding = 4; lastKnownFileType = sourcecode.swift; path = EmitterView.swift; sourceTree = "<group>"; };
		ADF11A492745D4740099ADF3 /* Backend.swift */ = {isa = PBXFileReference; fileEncoding = 4; lastKnownFileType = sourcecode.swift; path = Backend.swift; sourceTree = "<group>"; };
		ADF11A4A2745D4740099ADF3 /* UserData.swift */ = {isa = PBXFileReference; fileEncoding = 4; lastKnownFileType = sourcecode.swift; path = UserData.swift; sourceTree = "<group>"; };
		ADF11A4B2745D4740099ADF3 /* TextLimiting.swift */ = {isa = PBXFileReference; fileEncoding = 4; lastKnownFileType = sourcecode.swift; path = TextLimiting.swift; sourceTree = "<group>"; };
		ADF11A4C2745D4740099ADF3 /* KeyboardHelper.swift */ = {isa = PBXFileReference; fileEncoding = 4; lastKnownFileType = sourcecode.swift; path = KeyboardHelper.swift; sourceTree = "<group>"; };
		ADF11A522745D47B0099ADF3 /* BLEManager.swift */ = {isa = PBXFileReference; fileEncoding = 4; lastKnownFileType = sourcecode.swift; path = BLEManager.swift; sourceTree = "<group>"; };
		ADF11A532745D47B0099ADF3 /* UUID Structs.swift */ = {isa = PBXFileReference; fileEncoding = 4; lastKnownFileType = sourcecode.swift; path = "UUID Structs.swift"; sourceTree = "<group>"; };
		ADF11A582745D5300099ADF3 /* amplifyconfiguration.json */ = {isa = PBXFileReference; fileEncoding = 4; lastKnownFileType = text.json; path = amplifyconfiguration.json; sourceTree = "<group>"; };
		ADF11A592745D5300099ADF3 /* awsconfiguration.json */ = {isa = PBXFileReference; fileEncoding = 4; lastKnownFileType = text.json; path = awsconfiguration.json; sourceTree = "<group>"; };
		ADF11A5F2745E3050099ADF3 /* setupImage2.png */ = {isa = PBXFileReference; lastKnownFileType = image.png; path = setupImage2.png; sourceTree = "<group>"; };
		ADF11A612745E3180099ADF3 /* nameImage.jpeg */ = {isa = PBXFileReference; lastKnownFileType = image.jpeg; path = nameImage.jpeg; sourceTree = "<group>"; };
		ADF11A632745E35B0099ADF3 /* healthImage.png */ = {isa = PBXFileReference; lastKnownFileType = image.png; path = healthImage.png; sourceTree = "<group>"; };
		ADF11A652745E4280099ADF3 /* Apollo 1 Ring.obj */ = {isa = PBXFileReference; fileEncoding = 4; lastKnownFileType = text; path = "Apollo 1 Ring.obj"; sourceTree = "<group>"; };
		ADF11A672746F4B90099ADF3 /* Info.plist */ = {isa = PBXFileReference; lastKnownFileType = text.plist; path = Info.plist; sourceTree = "<group>"; };
		DAC3772788A412A79844DAD0 /* Pods-apollo4-apollo4UITests.debug.xcconfig */ = {isa = PBXFileReference; includeInIndex = 1; lastKnownFileType = text.xcconfig; name = "Pods-apollo4-apollo4UITests.debug.xcconfig"; path = "Target Support Files/Pods-apollo4-apollo4UITests/Pods-apollo4-apollo4UITests.debug.xcconfig"; sourceTree = "<group>"; };
		F1AA8673E4552EA4EBD5846C /* Pods-apollo4.release.xcconfig */ = {isa = PBXFileReference; includeInIndex = 1; lastKnownFileType = text.xcconfig; name = "Pods-apollo4.release.xcconfig"; path = "Target Support Files/Pods-apollo4/Pods-apollo4.release.xcconfig"; sourceTree = "<group>"; };
		F5947E8335BA29513666FAEE /* Pods_apollo4.framework */ = {isa = PBXFileReference; explicitFileType = wrapper.framework; includeInIndex = 0; path = Pods_apollo4.framework; sourceTree = BUILT_PRODUCTS_DIR; };
		F60A642BB7A23EA544249217 /* Pods-apollo4.debug.xcconfig */ = {isa = PBXFileReference; includeInIndex = 1; lastKnownFileType = text.xcconfig; name = "Pods-apollo4.debug.xcconfig"; path = "Target Support Files/Pods-apollo4/Pods-apollo4.debug.xcconfig"; sourceTree = "<group>"; };
/* End PBXFileReference section */

/* Begin PBXFrameworksBuildPhase section */
		ADF119F42745D0060099ADF3 /* Frameworks */ = {
			isa = PBXFrameworksBuildPhase;
			buildActionMask = 2147483647;
			files = (
				FABB7A9EED2AF48405D4911E /* Pods_apollo4.framework in Frameworks */,
			);
			runOnlyForDeploymentPostprocessing = 0;
		};
		ADF11A042745D0080099ADF3 /* Frameworks */ = {
			isa = PBXFrameworksBuildPhase;
			buildActionMask = 2147483647;
			files = (
				F6818A389747A06AC13D3C31 /* Pods_apollo4Tests.framework in Frameworks */,
			);
			runOnlyForDeploymentPostprocessing = 0;
		};
		ADF11A0E2745D0080099ADF3 /* Frameworks */ = {
			isa = PBXFrameworksBuildPhase;
			buildActionMask = 2147483647;
			files = (
				B947E94FEB56864267932FD3 /* Pods_apollo4_apollo4UITests.framework in Frameworks */,
			);
			runOnlyForDeploymentPostprocessing = 0;
		};
/* End PBXFrameworksBuildPhase section */

/* Begin PBXGroup section */
		18B445935B70D148DD512589 /* AmplifyModels */ = {
			isa = PBXGroup;
			children = (
				1DCD0911A16987641E9C24AC /* AmplifyModels.swift */,
				42585BD5408AF40BA7C9B8E0 /* userDataModel+Schema.swift */,
				24A861524A27F32C496805D4 /* userDataModel.swift */,
			);
			name = AmplifyModels;
			sourceTree = "<group>";
		};
		81A13C1350C1AD080F4232EC /* Frameworks */ = {
			isa = PBXGroup;
			children = (
				F5947E8335BA29513666FAEE /* Pods_apollo4.framework */,
				640E17A6646D270FD36F9D73 /* Pods_apollo4_apollo4UITests.framework */,
				05396547B94734C0AC72F675 /* Pods_apollo4Tests.framework */,
			);
			name = Frameworks;
			sourceTree = "<group>";
		};
		ADF119EE2745D0060099ADF3 = {
			isa = PBXGroup;
			children = (
				ADF11A582745D5300099ADF3 /* amplifyconfiguration.json */,
				ADF11A592745D5300099ADF3 /* awsconfiguration.json */,
				ADF119F92745D0060099ADF3 /* apollo4 */,
				ADF11A0A2745D0080099ADF3 /* apollo4Tests */,
				ADF11A142745D0080099ADF3 /* apollo4UITests */,
				ADF119F82745D0060099ADF3 /* Products */,
				ED0BBA9A262AD514B1293357 /* AmplifyConfig */,
				D104061A2C519A815099CDAE /* Pods */,
				81A13C1350C1AD080F4232EC /* Frameworks */,
				18B445935B70D148DD512589 /* AmplifyModels */,
			);
			sourceTree = "<group>";
		};
		ADF119F82745D0060099ADF3 /* Products */ = {
			isa = PBXGroup;
			children = (
				ADF119F72745D0060099ADF3 /* apollo4.app */,
				ADF11A072745D0080099ADF3 /* apollo4Tests.xctest */,
				ADF11A112745D0080099ADF3 /* apollo4UITests.xctest */,
			);
			name = Products;
			sourceTree = "<group>";
		};
		ADF119F92745D0060099ADF3 /* apollo4 */ = {
			isa = PBXGroup;
			children = (
				ADF11A672746F4B90099ADF3 /* Info.plist */,
				ADF119FA2745D0060099ADF3 /* apollo4App.swift */,
				ADF11A252745D4500099ADF3 /* Assets.xcassets */,
				ADF11A512745D47B0099ADF3 /* BlueTooth */,
				ADF11A482745D4740099ADF3 /* Core */,
				ADF11A562745D4800099ADF3 /* Images */,
				ADF11A572745D48C0099ADF3 /* Logos */,
				ADF11A272745D4670099ADF3 /* Views */,
				ADF11A242745D4440099ADF3 /* 3D Objects */,
				ADF11A002745D0080099ADF3 /* Preview Content */,
			);
			path = apollo4;
			sourceTree = "<group>";
		};
		ADF11A002745D0080099ADF3 /* Preview Content */ = {
			isa = PBXGroup;
			children = (
				ADF11A012745D0080099ADF3 /* Preview Assets.xcassets */,
			);
			path = "Preview Content";
			sourceTree = "<group>";
		};
		ADF11A0A2745D0080099ADF3 /* apollo4Tests */ = {
			isa = PBXGroup;
			children = (
				ADF11A0B2745D0080099ADF3 /* apollo4Tests.swift */,
			);
			path = apollo4Tests;
			sourceTree = "<group>";
		};
		ADF11A142745D0080099ADF3 /* apollo4UITests */ = {
			isa = PBXGroup;
			children = (
				ADF11A152745D0080099ADF3 /* apollo4UITests.swift */,
				ADF11A172745D0080099ADF3 /* apollo4UITestsLaunchTests.swift */,
			);
			path = apollo4UITests;
			sourceTree = "<group>";
		};
		ADF11A242745D4440099ADF3 /* 3D Objects */ = {
			isa = PBXGroup;
			children = (
				ADF11A652745E4280099ADF3 /* Apollo 1 Ring.obj */,
			);
			path = "3D Objects";
			sourceTree = "<group>";
		};
		ADF11A272745D4670099ADF3 /* Views */ = {
			isa = PBXGroup;
			children = (
				ADF11A282745D4670099ADF3 /* SetupView.swift */,
				ADF11A292745D4670099ADF3 /* GraphView.swift */,
				ADF11A2B2745D4670099ADF3 /* LiveRead.swift */,
				ADF11A2C2745D4670099ADF3 /* PairingLoadScreen.swift */,
				ADF11A2D2745D4670099ADF3 /* nameSetup.swift */,
				ADF11A2E2745D4670099ADF3 /* PairingView.swift */,
				ADF11A2F2745D4670099ADF3 /* userDataInputSetup.swift */,
				ADF11A302745D4670099ADF3 /* swipeView.swift */,
				ADF11A312745D4670099ADF3 /* finishedSetupView.swift */,
				ADF11A322745D4670099ADF3 /* EmittingView.swift */,
				ADF11A332745D4670099ADF3 /* HealthChoiceSetup.swift */,
				ADF11A342745D4670099ADF3 /* RotatingRingView.swift */,
				ADF11A352745D4670099ADF3 /* healthSetupView.swift */,
				ADF11A362745D4670099ADF3 /* ContentView.swift */,
				ADF11A372745D4670099ADF3 /* EmitterView.swift */,
			);
			path = Views;
			sourceTree = "<group>";
		};
		ADF11A482745D4740099ADF3 /* Core */ = {
			isa = PBXGroup;
			children = (
				ADF11A492745D4740099ADF3 /* Backend.swift */,
				ADF11A4A2745D4740099ADF3 /* UserData.swift */,
				ADF11A4B2745D4740099ADF3 /* TextLimiting.swift */,
				ADF11A4C2745D4740099ADF3 /* KeyboardHelper.swift */,
			);
			path = Core;
			sourceTree = "<group>";
		};
		ADF11A512745D47B0099ADF3 /* BlueTooth */ = {
			isa = PBXGroup;
			children = (
				ADF11A522745D47B0099ADF3 /* BLEManager.swift */,
				ADF11A532745D47B0099ADF3 /* UUID Structs.swift */,
			);
			path = BlueTooth;
			sourceTree = "<group>";
		};
		ADF11A562745D4800099ADF3 /* Images */ = {
			isa = PBXGroup;
			children = (
				ADF11A632745E35B0099ADF3 /* healthImage.png */,
				ADF11A5F2745E3050099ADF3 /* setupImage2.png */,
				ADF11A612745E3180099ADF3 /* nameImage.jpeg */,
			);
			path = Images;
			sourceTree = "<group>";
		};
		ADF11A572745D48C0099ADF3 /* Logos */ = {
			isa = PBXGroup;
			children = (
			);
			path = Logos;
			sourceTree = "<group>";
		};
		D104061A2C519A815099CDAE /* Pods */ = {
			isa = PBXGroup;
			children = (
				F60A642BB7A23EA544249217 /* Pods-apollo4.debug.xcconfig */,
				F1AA8673E4552EA4EBD5846C /* Pods-apollo4.release.xcconfig */,
				DAC3772788A412A79844DAD0 /* Pods-apollo4-apollo4UITests.debug.xcconfig */,
				964BF2CC7483627E5B10912F /* Pods-apollo4-apollo4UITests.release.xcconfig */,
				988C167B06C05666DC20EB94 /* Pods-apollo4Tests.debug.xcconfig */,
				AC3E8DA912BF8239E75E672D /* Pods-apollo4Tests.release.xcconfig */,
			);
			path = Pods;
			sourceTree = "<group>";
		};
		ED0BBA9A262AD514B1293357 /* AmplifyConfig */ = {
			isa = PBXGroup;
			children = (
				9F7919AE38F140D052F4F4FA /* awsconfiguration.json */,
				19EBBDF56AF487B35B5D98A6 /* amplifyconfiguration.json */,
			);
			name = AmplifyConfig;
			sourceTree = "<group>";
		};
/* End PBXGroup section */

/* Begin PBXNativeTarget section */
		ADF119F62745D0060099ADF3 /* apollo4 */ = {
			isa = PBXNativeTarget;
			buildConfigurationList = ADF11A1B2745D0080099ADF3 /* Build configuration list for PBXNativeTarget "apollo4" */;
			buildPhases = (
				462C87E2D5257F63B656856D /* [CP] Check Pods Manifest.lock */,
				ADF119F32745D0060099ADF3 /* Sources */,
				ADF119F42745D0060099ADF3 /* Frameworks */,
				ADF119F52745D0060099ADF3 /* Resources */,
				E112ED2076DE2C92F985FD2A /* [CP] Embed Pods Frameworks */,
			);
			buildRules = (
			);
			dependencies = (
			);
			name = apollo4;
			productName = apollo4;
			productReference = ADF119F72745D0060099ADF3 /* apollo4.app */;
			productType = "com.apple.product-type.application";
		};
		ADF11A062745D0080099ADF3 /* apollo4Tests */ = {
			isa = PBXNativeTarget;
			buildConfigurationList = ADF11A1E2745D0080099ADF3 /* Build configuration list for PBXNativeTarget "apollo4Tests" */;
			buildPhases = (
				5AC1D9B7B455BC2467006519 /* [CP] Check Pods Manifest.lock */,
				ADF11A032745D0080099ADF3 /* Sources */,
				ADF11A042745D0080099ADF3 /* Frameworks */,
				ADF11A052745D0080099ADF3 /* Resources */,
			);
			buildRules = (
			);
			dependencies = (
				ADF11A092745D0080099ADF3 /* PBXTargetDependency */,
			);
			name = apollo4Tests;
			productName = apollo4Tests;
			productReference = ADF11A072745D0080099ADF3 /* apollo4Tests.xctest */;
			productType = "com.apple.product-type.bundle.unit-test";
		};
		ADF11A102745D0080099ADF3 /* apollo4UITests */ = {
			isa = PBXNativeTarget;
			buildConfigurationList = ADF11A212745D0080099ADF3 /* Build configuration list for PBXNativeTarget "apollo4UITests" */;
			buildPhases = (
				747AA84E82C37BCE0FE63551 /* [CP] Check Pods Manifest.lock */,
				ADF11A0D2745D0080099ADF3 /* Sources */,
				ADF11A0E2745D0080099ADF3 /* Frameworks */,
				ADF11A0F2745D0080099ADF3 /* Resources */,
				91C9DD2B60A7BEE1261373C3 /* [CP] Embed Pods Frameworks */,
			);
			buildRules = (
			);
			dependencies = (
				ADF11A132745D0080099ADF3 /* PBXTargetDependency */,
			);
			name = apollo4UITests;
			productName = apollo4UITests;
			productReference = ADF11A112745D0080099ADF3 /* apollo4UITests.xctest */;
			productType = "com.apple.product-type.bundle.ui-testing";
		};
/* End PBXNativeTarget section */

/* Begin PBXProject section */
		ADF119EF2745D0060099ADF3 /* Project object */ = {
			isa = PBXProject;
			attributes = {
				BuildIndependentTargetsInParallel = 1;
				LastSwiftUpdateCheck = 1310;
				LastUpgradeCheck = 1310;
				TargetAttributes = {
					ADF119F62745D0060099ADF3 = {
						CreatedOnToolsVersion = 13.1;
					};
					ADF11A062745D0080099ADF3 = {
						CreatedOnToolsVersion = 13.1;
						TestTargetID = ADF119F62745D0060099ADF3;
					};
					ADF11A102745D0080099ADF3 = {
						CreatedOnToolsVersion = 13.1;
						TestTargetID = ADF119F62745D0060099ADF3;
					};
				};
			};
			buildConfigurationList = ADF119F22745D0060099ADF3 /* Build configuration list for PBXProject "apollo4" */;
			compatibilityVersion = "Xcode 13.0";
			developmentRegion = en;
			hasScannedForEncodings = 0;
			knownRegions = (
				en,
				Base,
			);
			mainGroup = ADF119EE2745D0060099ADF3;
			productRefGroup = ADF119F82745D0060099ADF3 /* Products */;
			projectDirPath = "";
			projectRoot = "";
			targets = (
				ADF119F62745D0060099ADF3 /* apollo4 */,
				ADF11A062745D0080099ADF3 /* apollo4Tests */,
				ADF11A102745D0080099ADF3 /* apollo4UITests */,
			);
		};
/* End PBXProject section */

/* Begin PBXResourcesBuildPhase section */
		ADF119F52745D0060099ADF3 /* Resources */ = {
			isa = PBXResourcesBuildPhase;
			buildActionMask = 2147483647;
			files = (
				ADF11A602745E3050099ADF3 /* setupImage2.png in Resources */,
				ADF11A022745D0080099ADF3 /* Preview Assets.xcassets in Resources */,
				4ECC0A4C131BBCE8AC48E2DA /* awsconfiguration.json in Resources */,
				ADF11A5B2745D5300099ADF3 /* awsconfiguration.json in Resources */,
				ADF11A5A2745D5300099ADF3 /* amplifyconfiguration.json in Resources */,
				ADF11A262745D4500099ADF3 /* Assets.xcassets in Resources */,
				ADF11A622745E3180099ADF3 /* nameImage.jpeg in Resources */,
				ADF11A642745E35B0099ADF3 /* healthImage.png in Resources */,
				ADF11A662745E4280099ADF3 /* Apollo 1 Ring.obj in Resources */,
				5E34C0AA102049DF957D482A /* amplifyconfiguration.json in Resources */,
			);
			runOnlyForDeploymentPostprocessing = 0;
		};
		ADF11A052745D0080099ADF3 /* Resources */ = {
			isa = PBXResourcesBuildPhase;
			buildActionMask = 2147483647;
			files = (
			);
			runOnlyForDeploymentPostprocessing = 0;
		};
		ADF11A0F2745D0080099ADF3 /* Resources */ = {
			isa = PBXResourcesBuildPhase;
			buildActionMask = 2147483647;
			files = (
			);
			runOnlyForDeploymentPostprocessing = 0;
		};
/* End PBXResourcesBuildPhase section */

/* Begin PBXShellScriptBuildPhase section */
		462C87E2D5257F63B656856D /* [CP] Check Pods Manifest.lock */ = {
			isa = PBXShellScriptBuildPhase;
			buildActionMask = 2147483647;
			files = (
			);
			inputFileListPaths = (
			);
			inputPaths = (
				"${PODS_PODFILE_DIR_PATH}/Podfile.lock",
				"${PODS_ROOT}/Manifest.lock",
			);
			name = "[CP] Check Pods Manifest.lock";
			outputFileListPaths = (
			);
			outputPaths = (
				"$(DERIVED_FILE_DIR)/Pods-apollo4-checkManifestLockResult.txt",
			);
			runOnlyForDeploymentPostprocessing = 0;
			shellPath = /bin/sh;
			shellScript = "diff \"${PODS_PODFILE_DIR_PATH}/Podfile.lock\" \"${PODS_ROOT}/Manifest.lock\" > /dev/null\nif [ $? != 0 ] ; then\n    # print error to STDERR\n    echo \"error: The sandbox is not in sync with the Podfile.lock. Run 'pod install' or update your CocoaPods installation.\" >&2\n    exit 1\nfi\n# This output is used by Xcode 'outputs' to avoid re-running this script phase.\necho \"SUCCESS\" > \"${SCRIPT_OUTPUT_FILE_0}\"\n";
			showEnvVarsInLog = 0;
		};
		5AC1D9B7B455BC2467006519 /* [CP] Check Pods Manifest.lock */ = {
			isa = PBXShellScriptBuildPhase;
			buildActionMask = 2147483647;
			files = (
			);
			inputFileListPaths = (
			);
			inputPaths = (
				"${PODS_PODFILE_DIR_PATH}/Podfile.lock",
				"${PODS_ROOT}/Manifest.lock",
			);
			name = "[CP] Check Pods Manifest.lock";
			outputFileListPaths = (
			);
			outputPaths = (
				"$(DERIVED_FILE_DIR)/Pods-apollo4Tests-checkManifestLockResult.txt",
			);
			runOnlyForDeploymentPostprocessing = 0;
			shellPath = /bin/sh;
			shellScript = "diff \"${PODS_PODFILE_DIR_PATH}/Podfile.lock\" \"${PODS_ROOT}/Manifest.lock\" > /dev/null\nif [ $? != 0 ] ; then\n    # print error to STDERR\n    echo \"error: The sandbox is not in sync with the Podfile.lock. Run 'pod install' or update your CocoaPods installation.\" >&2\n    exit 1\nfi\n# This output is used by Xcode 'outputs' to avoid re-running this script phase.\necho \"SUCCESS\" > \"${SCRIPT_OUTPUT_FILE_0}\"\n";
			showEnvVarsInLog = 0;
		};
		747AA84E82C37BCE0FE63551 /* [CP] Check Pods Manifest.lock */ = {
			isa = PBXShellScriptBuildPhase;
			buildActionMask = 2147483647;
			files = (
			);
			inputFileListPaths = (
			);
			inputPaths = (
				"${PODS_PODFILE_DIR_PATH}/Podfile.lock",
				"${PODS_ROOT}/Manifest.lock",
			);
			name = "[CP] Check Pods Manifest.lock";
			outputFileListPaths = (
			);
			outputPaths = (
				"$(DERIVED_FILE_DIR)/Pods-apollo4-apollo4UITests-checkManifestLockResult.txt",
			);
			runOnlyForDeploymentPostprocessing = 0;
			shellPath = /bin/sh;
			shellScript = "diff \"${PODS_PODFILE_DIR_PATH}/Podfile.lock\" \"${PODS_ROOT}/Manifest.lock\" > /dev/null\nif [ $? != 0 ] ; then\n    # print error to STDERR\n    echo \"error: The sandbox is not in sync with the Podfile.lock. Run 'pod install' or update your CocoaPods installation.\" >&2\n    exit 1\nfi\n# This output is used by Xcode 'outputs' to avoid re-running this script phase.\necho \"SUCCESS\" > \"${SCRIPT_OUTPUT_FILE_0}\"\n";
			showEnvVarsInLog = 0;
		};
		91C9DD2B60A7BEE1261373C3 /* [CP] Embed Pods Frameworks */ = {
			isa = PBXShellScriptBuildPhase;
			buildActionMask = 2147483647;
			files = (
			);
			inputFileListPaths = (
				"${PODS_ROOT}/Target Support Files/Pods-apollo4-apollo4UITests/Pods-apollo4-apollo4UITests-frameworks-${CONFIGURATION}-input-files.xcfilelist",
			);
			inputPaths = (
			);
			name = "[CP] Embed Pods Frameworks";
			outputFileListPaths = (
				"${PODS_ROOT}/Target Support Files/Pods-apollo4-apollo4UITests/Pods-apollo4-apollo4UITests-frameworks-${CONFIGURATION}-output-files.xcfilelist",
			);
			outputPaths = (
			);
			runOnlyForDeploymentPostprocessing = 0;
			shellPath = /bin/sh;
			shellScript = "\"${PODS_ROOT}/Target Support Files/Pods-apollo4-apollo4UITests/Pods-apollo4-apollo4UITests-frameworks.sh\"\n";
			showEnvVarsInLog = 0;
		};
		E112ED2076DE2C92F985FD2A /* [CP] Embed Pods Frameworks */ = {
			isa = PBXShellScriptBuildPhase;
			buildActionMask = 2147483647;
			files = (
			);
			inputFileListPaths = (
				"${PODS_ROOT}/Target Support Files/Pods-apollo4/Pods-apollo4-frameworks-${CONFIGURATION}-input-files.xcfilelist",
			);
			inputPaths = (
			);
			name = "[CP] Embed Pods Frameworks";
			outputFileListPaths = (
				"${PODS_ROOT}/Target Support Files/Pods-apollo4/Pods-apollo4-frameworks-${CONFIGURATION}-output-files.xcfilelist",
			);
			outputPaths = (
			);
			runOnlyForDeploymentPostprocessing = 0;
			shellPath = /bin/sh;
			shellScript = "\"${PODS_ROOT}/Target Support Files/Pods-apollo4/Pods-apollo4-frameworks.sh\"\n";
			showEnvVarsInLog = 0;
		};
/* End PBXShellScriptBuildPhase section */

/* Begin PBXSourcesBuildPhase section */
		ADF119F32745D0060099ADF3 /* Sources */ = {
			isa = PBXSourcesBuildPhase;
			buildActionMask = 2147483647;
			files = (
				ADF11A382745D4670099ADF3 /* SetupView.swift in Sources */,
				ADF11A3E2745D4670099ADF3 /* PairingView.swift in Sources */,
				ADF11A4D2745D4740099ADF3 /* Backend.swift in Sources */,
				ADF11A4E2745D4740099ADF3 /* UserData.swift in Sources */,
				ADF11A472745D4670099ADF3 /* EmitterView.swift in Sources */,
				ADF11A552745D47B0099ADF3 /* UUID Structs.swift in Sources */,
				ADF11A462745D4670099ADF3 /* ContentView.swift in Sources */,
				ADF11A442745D4670099ADF3 /* RotatingRingView.swift in Sources */,
				ADF11A3F2745D4670099ADF3 /* userDataInputSetup.swift in Sources */,
				ADF11A502745D4740099ADF3 /* KeyboardHelper.swift in Sources */,
				ADF11A3D2745D4670099ADF3 /* nameSetup.swift in Sources */,
				ADF11A422745D4670099ADF3 /* EmittingView.swift in Sources */,
				ADF11A3C2745D4670099ADF3 /* PairingLoadScreen.swift in Sources */,
				ADF11A3B2745D4670099ADF3 /* LiveRead.swift in Sources */,
				ADF11A402745D4670099ADF3 /* swipeView.swift in Sources */,
				ADF11A542745D47B0099ADF3 /* BLEManager.swift in Sources */,
				ADF119FB2745D0060099ADF3 /* apollo4App.swift in Sources */,
				ADF11A412745D4670099ADF3 /* finishedSetupView.swift in Sources */,
				ADF11A432745D4670099ADF3 /* HealthChoiceSetup.swift in Sources */,
				ADF11A392745D4670099ADF3 /* GraphView.swift in Sources */,
				ADF11A452745D4670099ADF3 /* healthSetupView.swift in Sources */,
				ADF11A4F2745D4740099ADF3 /* TextLimiting.swift in Sources */,
				C60B171744D888CA9DAA7377 /* AmplifyModels.swift in Sources */,
				1B8EA29AE61EE3D18418CF80 /* userDataModel+Schema.swift in Sources */,
				14AFEFA6EB492561108251D9 /* userDataModel.swift in Sources */,
			);
			runOnlyForDeploymentPostprocessing = 0;
		};
		ADF11A032745D0080099ADF3 /* Sources */ = {
			isa = PBXSourcesBuildPhase;
			buildActionMask = 2147483647;
			files = (
				ADF11A0C2745D0080099ADF3 /* apollo4Tests.swift in Sources */,
			);
			runOnlyForDeploymentPostprocessing = 0;
		};
		ADF11A0D2745D0080099ADF3 /* Sources */ = {
			isa = PBXSourcesBuildPhase;
			buildActionMask = 2147483647;
			files = (
				ADF11A182745D0080099ADF3 /* apollo4UITestsLaunchTests.swift in Sources */,
				ADF11A162745D0080099ADF3 /* apollo4UITests.swift in Sources */,
			);
			runOnlyForDeploymentPostprocessing = 0;
		};
/* End PBXSourcesBuildPhase section */

/* Begin PBXTargetDependency section */
		ADF11A092745D0080099ADF3 /* PBXTargetDependency */ = {
			isa = PBXTargetDependency;
			target = ADF119F62745D0060099ADF3 /* apollo4 */;
			targetProxy = ADF11A082745D0080099ADF3 /* PBXContainerItemProxy */;
		};
		ADF11A132745D0080099ADF3 /* PBXTargetDependency */ = {
			isa = PBXTargetDependency;
			target = ADF119F62745D0060099ADF3 /* apollo4 */;
			targetProxy = ADF11A122745D0080099ADF3 /* PBXContainerItemProxy */;
		};
/* End PBXTargetDependency section */

/* Begin XCBuildConfiguration section */
		ADF11A192745D0080099ADF3 /* Debug */ = {
			isa = XCBuildConfiguration;
			buildSettings = {
				ALWAYS_SEARCH_USER_PATHS = NO;
				CLANG_ANALYZER_NONNULL = YES;
				CLANG_ANALYZER_NUMBER_OBJECT_CONVERSION = YES_AGGRESSIVE;
				CLANG_CXX_LANGUAGE_STANDARD = "gnu++17";
				CLANG_CXX_LIBRARY = "libc++";
				CLANG_ENABLE_MODULES = YES;
				CLANG_ENABLE_OBJC_ARC = YES;
				CLANG_ENABLE_OBJC_WEAK = YES;
				CLANG_WARN_BLOCK_CAPTURE_AUTORELEASING = YES;
				CLANG_WARN_BOOL_CONVERSION = YES;
				CLANG_WARN_COMMA = YES;
				CLANG_WARN_CONSTANT_CONVERSION = YES;
				CLANG_WARN_DEPRECATED_OBJC_IMPLEMENTATIONS = YES;
				CLANG_WARN_DIRECT_OBJC_ISA_USAGE = YES_ERROR;
				CLANG_WARN_DOCUMENTATION_COMMENTS = YES;
				CLANG_WARN_EMPTY_BODY = YES;
				CLANG_WARN_ENUM_CONVERSION = YES;
				CLANG_WARN_INFINITE_RECURSION = YES;
				CLANG_WARN_INT_CONVERSION = YES;
				CLANG_WARN_NON_LITERAL_NULL_CONVERSION = YES;
				CLANG_WARN_OBJC_IMPLICIT_RETAIN_SELF = YES;
				CLANG_WARN_OBJC_LITERAL_CONVERSION = YES;
				CLANG_WARN_OBJC_ROOT_CLASS = YES_ERROR;
				CLANG_WARN_QUOTED_INCLUDE_IN_FRAMEWORK_HEADER = YES;
				CLANG_WARN_RANGE_LOOP_ANALYSIS = YES;
				CLANG_WARN_STRICT_PROTOTYPES = YES;
				CLANG_WARN_SUSPICIOUS_MOVE = YES;
				CLANG_WARN_UNGUARDED_AVAILABILITY = YES_AGGRESSIVE;
				CLANG_WARN_UNREACHABLE_CODE = YES;
				CLANG_WARN__DUPLICATE_METHOD_MATCH = YES;
				COPY_PHASE_STRIP = NO;
				DEBUG_INFORMATION_FORMAT = dwarf;
				ENABLE_STRICT_OBJC_MSGSEND = YES;
				ENABLE_TESTABILITY = YES;
				GCC_C_LANGUAGE_STANDARD = gnu11;
				GCC_DYNAMIC_NO_PIC = NO;
				GCC_NO_COMMON_BLOCKS = YES;
				GCC_OPTIMIZATION_LEVEL = 0;
				GCC_PREPROCESSOR_DEFINITIONS = (
					"DEBUG=1",
					"$(inherited)",
				);
				GCC_WARN_64_TO_32_BIT_CONVERSION = YES;
				GCC_WARN_ABOUT_RETURN_TYPE = YES_ERROR;
				GCC_WARN_UNDECLARED_SELECTOR = YES;
				GCC_WARN_UNINITIALIZED_AUTOS = YES_AGGRESSIVE;
				GCC_WARN_UNUSED_FUNCTION = YES;
				GCC_WARN_UNUSED_VARIABLE = YES;
				IPHONEOS_DEPLOYMENT_TARGET = 15.0;
				MTL_ENABLE_DEBUG_INFO = INCLUDE_SOURCE;
				MTL_FAST_MATH = YES;
				ONLY_ACTIVE_ARCH = YES;
				SDKROOT = iphoneos;
				SWIFT_ACTIVE_COMPILATION_CONDITIONS = DEBUG;
				SWIFT_OPTIMIZATION_LEVEL = "-Onone";
			};
			name = Debug;
		};
		ADF11A1A2745D0080099ADF3 /* Release */ = {
			isa = XCBuildConfiguration;
			buildSettings = {
				ALWAYS_SEARCH_USER_PATHS = NO;
				CLANG_ANALYZER_NONNULL = YES;
				CLANG_ANALYZER_NUMBER_OBJECT_CONVERSION = YES_AGGRESSIVE;
				CLANG_CXX_LANGUAGE_STANDARD = "gnu++17";
				CLANG_CXX_LIBRARY = "libc++";
				CLANG_ENABLE_MODULES = YES;
				CLANG_ENABLE_OBJC_ARC = YES;
				CLANG_ENABLE_OBJC_WEAK = YES;
				CLANG_WARN_BLOCK_CAPTURE_AUTORELEASING = YES;
				CLANG_WARN_BOOL_CONVERSION = YES;
				CLANG_WARN_COMMA = YES;
				CLANG_WARN_CONSTANT_CONVERSION = YES;
				CLANG_WARN_DEPRECATED_OBJC_IMPLEMENTATIONS = YES;
				CLANG_WARN_DIRECT_OBJC_ISA_USAGE = YES_ERROR;
				CLANG_WARN_DOCUMENTATION_COMMENTS = YES;
				CLANG_WARN_EMPTY_BODY = YES;
				CLANG_WARN_ENUM_CONVERSION = YES;
				CLANG_WARN_INFINITE_RECURSION = YES;
				CLANG_WARN_INT_CONVERSION = YES;
				CLANG_WARN_NON_LITERAL_NULL_CONVERSION = YES;
				CLANG_WARN_OBJC_IMPLICIT_RETAIN_SELF = YES;
				CLANG_WARN_OBJC_LITERAL_CONVERSION = YES;
				CLANG_WARN_OBJC_ROOT_CLASS = YES_ERROR;
				CLANG_WARN_QUOTED_INCLUDE_IN_FRAMEWORK_HEADER = YES;
				CLANG_WARN_RANGE_LOOP_ANALYSIS = YES;
				CLANG_WARN_STRICT_PROTOTYPES = YES;
				CLANG_WARN_SUSPICIOUS_MOVE = YES;
				CLANG_WARN_UNGUARDED_AVAILABILITY = YES_AGGRESSIVE;
				CLANG_WARN_UNREACHABLE_CODE = YES;
				CLANG_WARN__DUPLICATE_METHOD_MATCH = YES;
				COPY_PHASE_STRIP = NO;
				DEBUG_INFORMATION_FORMAT = "dwarf-with-dsym";
				ENABLE_NS_ASSERTIONS = NO;
				ENABLE_STRICT_OBJC_MSGSEND = YES;
				GCC_C_LANGUAGE_STANDARD = gnu11;
				GCC_NO_COMMON_BLOCKS = YES;
				GCC_WARN_64_TO_32_BIT_CONVERSION = YES;
				GCC_WARN_ABOUT_RETURN_TYPE = YES_ERROR;
				GCC_WARN_UNDECLARED_SELECTOR = YES;
				GCC_WARN_UNINITIALIZED_AUTOS = YES_AGGRESSIVE;
				GCC_WARN_UNUSED_FUNCTION = YES;
				GCC_WARN_UNUSED_VARIABLE = YES;
				IPHONEOS_DEPLOYMENT_TARGET = 15.0;
				MTL_ENABLE_DEBUG_INFO = NO;
				MTL_FAST_MATH = YES;
				SDKROOT = iphoneos;
				SWIFT_COMPILATION_MODE = wholemodule;
				SWIFT_OPTIMIZATION_LEVEL = "-O";
				VALIDATE_PRODUCT = YES;
			};
			name = Release;
		};
		ADF11A1C2745D0080099ADF3 /* Debug */ = {
			isa = XCBuildConfiguration;
			baseConfigurationReference = F60A642BB7A23EA544249217 /* Pods-apollo4.debug.xcconfig */;
			buildSettings = {
				ASSETCATALOG_COMPILER_APPICON_NAME = AppIcon;
				ASSETCATALOG_COMPILER_GLOBAL_ACCENT_COLOR_NAME = AccentColor;
				CODE_SIGN_STYLE = Automatic;
				CURRENT_PROJECT_VERSION = 1;
				DEVELOPMENT_ASSET_PATHS = "\"apollo4/Preview Content\"";
				DEVELOPMENT_TEAM = 4N3P6YU29S;
				ENABLE_PREVIEWS = YES;
				GENERATE_INFOPLIST_FILE = YES;
				INFOPLIST_FILE = apollo4/Info.plist;
				INFOPLIST_KEY_UIApplicationSceneManifest_Generation = YES;
				INFOPLIST_KEY_UIApplicationSupportsIndirectInputEvents = YES;
				INFOPLIST_KEY_UILaunchScreen_Generation = YES;
				INFOPLIST_KEY_UISupportedInterfaceOrientations_iPad = "UIInterfaceOrientationPortrait UIInterfaceOrientationPortraitUpsideDown UIInterfaceOrientationLandscapeLeft UIInterfaceOrientationLandscapeRight";
				INFOPLIST_KEY_UISupportedInterfaceOrientations_iPhone = "UIInterfaceOrientationPortrait UIInterfaceOrientationLandscapeLeft UIInterfaceOrientationLandscapeRight";
				LD_RUNPATH_SEARCH_PATHS = (
					"$(inherited)",
					"@executable_path/Frameworks",
				);
				MARKETING_VERSION = 1.0;
				PRODUCT_BUNDLE_IDENTIFIER = SMD.apollo4;
				PRODUCT_NAME = "$(TARGET_NAME)";
				SWIFT_EMIT_LOC_STRINGS = YES;
				SWIFT_VERSION = 5.0;
				TARGETED_DEVICE_FAMILY = "1,2";
			};
			name = Debug;
		};
		ADF11A1D2745D0080099ADF3 /* Release */ = {
			isa = XCBuildConfiguration;
			baseConfigurationReference = F1AA8673E4552EA4EBD5846C /* Pods-apollo4.release.xcconfig */;
			buildSettings = {
				ASSETCATALOG_COMPILER_APPICON_NAME = AppIcon;
				ASSETCATALOG_COMPILER_GLOBAL_ACCENT_COLOR_NAME = AccentColor;
				CODE_SIGN_STYLE = Automatic;
				CURRENT_PROJECT_VERSION = 1;
				DEVELOPMENT_ASSET_PATHS = "\"apollo4/Preview Content\"";
				DEVELOPMENT_TEAM = 4N3P6YU29S;
				ENABLE_PREVIEWS = YES;
				GENERATE_INFOPLIST_FILE = YES;
				INFOPLIST_FILE = apollo4/Info.plist;
				INFOPLIST_KEY_UIApplicationSceneManifest_Generation = YES;
				INFOPLIST_KEY_UIApplicationSupportsIndirectInputEvents = YES;
				INFOPLIST_KEY_UILaunchScreen_Generation = YES;
				INFOPLIST_KEY_UISupportedInterfaceOrientations_iPad = "UIInterfaceOrientationPortrait UIInterfaceOrientationPortraitUpsideDown UIInterfaceOrientationLandscapeLeft UIInterfaceOrientationLandscapeRight";
				INFOPLIST_KEY_UISupportedInterfaceOrientations_iPhone = "UIInterfaceOrientationPortrait UIInterfaceOrientationLandscapeLeft UIInterfaceOrientationLandscapeRight";
				LD_RUNPATH_SEARCH_PATHS = (
					"$(inherited)",
					"@executable_path/Frameworks",
				);
				MARKETING_VERSION = 1.0;
				PRODUCT_BUNDLE_IDENTIFIER = SMD.apollo4;
				PRODUCT_NAME = "$(TARGET_NAME)";
				SWIFT_EMIT_LOC_STRINGS = YES;
				SWIFT_VERSION = 5.0;
				TARGETED_DEVICE_FAMILY = "1,2";
			};
			name = Release;
		};
		ADF11A1F2745D0080099ADF3 /* Debug */ = {
			isa = XCBuildConfiguration;
			baseConfigurationReference = 988C167B06C05666DC20EB94 /* Pods-apollo4Tests.debug.xcconfig */;
			buildSettings = {
				ALWAYS_EMBED_SWIFT_STANDARD_LIBRARIES = YES;
				BUNDLE_LOADER = "$(TEST_HOST)";
				CODE_SIGN_STYLE = Automatic;
				CURRENT_PROJECT_VERSION = 1;
				DEVELOPMENT_TEAM = 4N3P6YU29S;
				GENERATE_INFOPLIST_FILE = YES;
				IPHONEOS_DEPLOYMENT_TARGET = 15.0;
				LD_RUNPATH_SEARCH_PATHS = (
					"$(inherited)",
					"@executable_path/Frameworks",
					"@loader_path/Frameworks",
				);
				MARKETING_VERSION = 1.0;
				PRODUCT_BUNDLE_IDENTIFIER = SMD.apollo4Tests;
				PRODUCT_NAME = "$(TARGET_NAME)";
				SWIFT_EMIT_LOC_STRINGS = NO;
				SWIFT_VERSION = 5.0;
				TARGETED_DEVICE_FAMILY = "1,2";
				TEST_HOST = "$(BUILT_PRODUCTS_DIR)/apollo4.app/apollo4";
			};
			name = Debug;
		};
		ADF11A202745D0080099ADF3 /* Release */ = {
			isa = XCBuildConfiguration;
			baseConfigurationReference = AC3E8DA912BF8239E75E672D /* Pods-apollo4Tests.release.xcconfig */;
			buildSettings = {
				ALWAYS_EMBED_SWIFT_STANDARD_LIBRARIES = YES;
				BUNDLE_LOADER = "$(TEST_HOST)";
				CODE_SIGN_STYLE = Automatic;
				CURRENT_PROJECT_VERSION = 1;
				DEVELOPMENT_TEAM = 4N3P6YU29S;
				GENERATE_INFOPLIST_FILE = YES;
				IPHONEOS_DEPLOYMENT_TARGET = 15.0;
				LD_RUNPATH_SEARCH_PATHS = (
					"$(inherited)",
					"@executable_path/Frameworks",
					"@loader_path/Frameworks",
				);
				MARKETING_VERSION = 1.0;
				PRODUCT_BUNDLE_IDENTIFIER = SMD.apollo4Tests;
				PRODUCT_NAME = "$(TARGET_NAME)";
				SWIFT_EMIT_LOC_STRINGS = NO;
				SWIFT_VERSION = 5.0;
				TARGETED_DEVICE_FAMILY = "1,2";
				TEST_HOST = "$(BUILT_PRODUCTS_DIR)/apollo4.app/apollo4";
			};
			name = Release;
		};
		ADF11A222745D0080099ADF3 /* Debug */ = {
			isa = XCBuildConfiguration;
			baseConfigurationReference = DAC3772788A412A79844DAD0 /* Pods-apollo4-apollo4UITests.debug.xcconfig */;
			buildSettings = {
				ALWAYS_EMBED_SWIFT_STANDARD_LIBRARIES = YES;
				CODE_SIGN_STYLE = Automatic;
				CURRENT_PROJECT_VERSION = 1;
				DEVELOPMENT_TEAM = 4N3P6YU29S;
				GENERATE_INFOPLIST_FILE = YES;
				LD_RUNPATH_SEARCH_PATHS = (
					"$(inherited)",
					"@executable_path/Frameworks",
					"@loader_path/Frameworks",
				);
				MARKETING_VERSION = 1.0;
				PRODUCT_BUNDLE_IDENTIFIER = SMD.apollo4UITests;
				PRODUCT_NAME = "$(TARGET_NAME)";
				SWIFT_EMIT_LOC_STRINGS = NO;
				SWIFT_VERSION = 5.0;
				TARGETED_DEVICE_FAMILY = "1,2";
				TEST_TARGET_NAME = apollo4;
			};
			name = Debug;
		};
		ADF11A232745D0080099ADF3 /* Release */ = {
			isa = XCBuildConfiguration;
			baseConfigurationReference = 964BF2CC7483627E5B10912F /* Pods-apollo4-apollo4UITests.release.xcconfig */;
			buildSettings = {
				ALWAYS_EMBED_SWIFT_STANDARD_LIBRARIES = YES;
				CODE_SIGN_STYLE = Automatic;
				CURRENT_PROJECT_VERSION = 1;
				DEVELOPMENT_TEAM = 4N3P6YU29S;
				GENERATE_INFOPLIST_FILE = YES;
				LD_RUNPATH_SEARCH_PATHS = (
					"$(inherited)",
					"@executable_path/Frameworks",
					"@loader_path/Frameworks",
				);
				MARKETING_VERSION = 1.0;
				PRODUCT_BUNDLE_IDENTIFIER = SMD.apollo4UITests;
				PRODUCT_NAME = "$(TARGET_NAME)";
				SWIFT_EMIT_LOC_STRINGS = NO;
				SWIFT_VERSION = 5.0;
				TARGETED_DEVICE_FAMILY = "1,2";
				TEST_TARGET_NAME = apollo4;
			};
			name = Release;
		};
/* End XCBuildConfiguration section */

/* Begin XCConfigurationList section */
		ADF119F22745D0060099ADF3 /* Build configuration list for PBXProject "apollo4" */ = {
			isa = XCConfigurationList;
			buildConfigurations = (
				ADF11A192745D0080099ADF3 /* Debug */,
				ADF11A1A2745D0080099ADF3 /* Release */,
			);
			defaultConfigurationIsVisible = 0;
			defaultConfigurationName = Release;
		};
		ADF11A1B2745D0080099ADF3 /* Build configuration list for PBXNativeTarget "apollo4" */ = {
			isa = XCConfigurationList;
			buildConfigurations = (
				ADF11A1C2745D0080099ADF3 /* Debug */,
				ADF11A1D2745D0080099ADF3 /* Release */,
			);
			defaultConfigurationIsVisible = 0;
			defaultConfigurationName = Release;
		};
		ADF11A1E2745D0080099ADF3 /* Build configuration list for PBXNativeTarget "apollo4Tests" */ = {
			isa = XCConfigurationList;
			buildConfigurations = (
				ADF11A1F2745D0080099ADF3 /* Debug */,
				ADF11A202745D0080099ADF3 /* Release */,
			);
			defaultConfigurationIsVisible = 0;
			defaultConfigurationName = Release;
		};
		ADF11A212745D0080099ADF3 /* Build configuration list for PBXNativeTarget "apollo4UITests" */ = {
			isa = XCConfigurationList;
			buildConfigurations = (
				ADF11A222745D0080099ADF3 /* Debug */,
				ADF11A232745D0080099ADF3 /* Release */,
			);
			defaultConfigurationIsVisible = 0;
			defaultConfigurationName = Release;
		};
/* End XCConfigurationList section */
	};
	rootObject = ADF119EF2745D0060099ADF3 /* Project object */;
}
